<?xml version="1.0" encoding="UTF-8"?>
<Project ToolsVersion="14.0" xmlns="http://schemas.microsoft.com/developer/msbuild/2003">
  <ItemGroup>
    <CustomBuild Include="C:\Users\Stephen\OneDrive\Projects\github\GameEngine\extinclude\SFML\CMakeFiles\56e03e545b8f2f50a00b968f5c3fffe3\INSTALL_force.rule">
      <Filter>CMake Rules</Filter>
    </CustomBuild>
  </ItemGroup>
  <ItemGroup>
    <Filter Include="CMake Rules">
      <UniqueIdentifier>{407B6BDD-1FC6-368A-B375-57BA98E626B5}</UniqueIdentifier>
    </Filter>
  </ItemGroup>
</Project>
