Microsoft Visual Studio Solution File, Format Version 12.00
# Visual Studio 14
Project("{8BC9CEB8-8B4A-11D0-8D11-00A0C91BC942}") = "ALL_BUILD", "ALL_BUILD.vcxproj", "{431EA47A-F161-3EDA-B179-08A7074D3D10}"
	ProjectSection(ProjectDependencies) = postProject
		{51A5C07F-8F5B-37AA-B7EF-B26D0C1EFE8D} = {51A5C07F-8F5B-37AA-B7EF-B26D0C1EFE8D}
		{87AD2C09-29BB-34AB-A629-3F2F2D86E6F4} = {87AD2C09-29BB-34AB-A629-3F2F2D86E6F4}
		{1ED6FD87-0AEE-39E6-ADB7-3ABCE8F430C9} = {1ED6FD87-0AEE-39E6-ADB7-3ABCE8F430C9}
		{C29ABB65-97B9-3815-96E8-CFB6D524F709} = {C29ABB65-97B9-3815-96E8-CFB6D524F709}
		{D9CA26F0-B727-323E-A625-59E496E79176} = {D9CA26F0-B727-323E-A625-59E496E79176}
		{52617CA7-40CB-3344-BD71-31353BE60411} = {52617CA7-40CB-3344-BD71-31353BE60411}
		{772EDB9C-72EF-30D8-9523-B86ED99B18EB} = {772EDB9C-72EF-30D8-9523-B86ED99B18EB}
	EndProjectSection
EndProject
Project("{8BC9CEB8-8B4A-11D0-8D11-00A0C91BC942}") = "INSTALL", "INSTALL.vcxproj", "{F34C1D6C-9E7C-3C53-BF72-724E23DBC438}"
	ProjectSection(ProjectDependencies) = postProject
		{431EA47A-F161-3EDA-B179-08A7074D3D10} = {431EA47A-F161-3EDA-B179-08A7074D3D10}
	EndProjectSection
EndProject
Project("{8BC9CEB8-8B4A-11D0-8D11-00A0C91BC942}") = "ZERO_CHECK", "ZERO_CHECK.vcxproj", "{51A5C07F-8F5B-37AA-B7EF-B26D0C1EFE8D}"
	ProjectSection(ProjectDependencies) = postProject
	EndProjectSection
EndProject
Project("{8BC9CEB8-8B4A-11D0-8D11-00A0C91BC942}") = "sfml-audio", "src\SFML\Audio\sfml-audio.vcxproj", "{87AD2C09-29BB-34AB-A629-3F2F2D86E6F4}"
	ProjectSection(ProjectDependencies) = postProject
		{51A5C07F-8F5B-37AA-B7EF-B26D0C1EFE8D} = {51A5C07F-8F5B-37AA-B7EF-B26D0C1EFE8D}
		{52617CA7-40CB-3344-BD71-31353BE60411} = {52617CA7-40CB-3344-BD71-31353BE60411}
	EndProjectSection
EndProject
Project("{8BC9CEB8-8B4A-11D0-8D11-00A0C91BC942}") = "sfml-graphics", "src\SFML\Graphics\sfml-graphics.vcxproj", "{1ED6FD87-0AEE-39E6-ADB7-3ABCE8F430C9}"
	ProjectSection(ProjectDependencies) = postProject
		{51A5C07F-8F5B-37AA-B7EF-B26D0C1EFE8D} = {51A5C07F-8F5B-37AA-B7EF-B26D0C1EFE8D}
		{52617CA7-40CB-3344-BD71-31353BE60411} = {52617CA7-40CB-3344-BD71-31353BE60411}
		{772EDB9C-72EF-30D8-9523-B86ED99B18EB} = {772EDB9C-72EF-30D8-9523-B86ED99B18EB}
	EndProjectSection
EndProject
Project("{8BC9CEB8-8B4A-11D0-8D11-00A0C91BC942}") = "sfml-main", "src\SFML\Main\sfml-main.vcxproj", "{C29ABB65-97B9-3815-96E8-CFB6D524F709}"
	ProjectSection(ProjectDependencies) = postProject
		{51A5C07F-8F5B-37AA-B7EF-B26D0C1EFE8D} = {51A5C07F-8F5B-37AA-B7EF-B26D0C1EFE8D}
	EndProjectSection
EndProject
Project("{8BC9CEB8-8B4A-11D0-8D11-00A0C91BC942}") = "sfml-network", "src\SFML\Network\sfml-network.vcxproj", "{D9CA26F0-B727-323E-A625-59E496E79176}"
	ProjectSection(ProjectDependencies) = postProject
		{51A5C07F-8F5B-37AA-B7EF-B26D0C1EFE8D} = {51A5C07F-8F5B-37AA-B7EF-B26D0C1EFE8D}
		{52617CA7-40CB-3344-BD71-31353BE60411} = {52617CA7-40CB-3344-BD71-31353BE60411}
	EndProjectSection
EndProject
Project("{8BC9CEB8-8B4A-11D0-8D11-00A0C91BC942}") = "sfml-system", "src\SFML\System\sfml-system.vcxproj", "{52617CA7-40CB-3344-BD71-31353BE60411}"
	ProjectSection(ProjectDependencies) = postProject
		{51A5C07F-8F5B-37AA-B7EF-B26D0C1EFE8D} = {51A5C07F-8F5B-37AA-B7EF-B26D0C1EFE8D}
	EndProjectSection
EndProject
Project("{8BC9CEB8-8B4A-11D0-8D11-00A0C91BC942}") = "sfml-window", "src\SFML\Window\sfml-window.vcxproj", "{772EDB9C-72EF-30D8-9523-B86ED99B18EB}"
	ProjectSection(ProjectDependencies) = postProject
		{51A5C07F-8F5B-37AA-B7EF-B26D0C1EFE8D} = {51A5C07F-8F5B-37AA-B7EF-B26D0C1EFE8D}
		{52617CA7-40CB-3344-BD71-31353BE60411} = {52617CA7-40CB-3344-BD71-31353BE60411}
	EndProjectSection
EndProject
Project("{2150E333-8FDC-42A3-9474-1A3956D46DE8}") = "CMake", "CMake", "{A63D8469-A2E4-318F-9C0D-A500CD6A1EDE}"
EndProject
Project("{2150E333-8FDC-42A3-9474-1A3956D46DE8}") = "SFML", "SFML", "{AEC339DD-841E-38DB-8695-E8BDFFFF1AE7}"
EndProject
Global
	GlobalSection(SolutionConfigurationPlatforms) = preSolution
		Debug|Win32 = Debug|Win32
		Release|Win32 = Release|Win32
		MinSizeRel|Win32 = MinSizeRel|Win32
		RelWithDebInfo|Win32 = RelWithDebInfo|Win32
	EndGlobalSection
	GlobalSection(ProjectConfigurationPlatforms) = postSolution
		{431EA47A-F161-3EDA-B179-08A7074D3D10}.Debug|Win32.ActiveCfg = Debug|Win32
		{431EA47A-F161-3EDA-B179-08A7074D3D10}.Debug|Win32.Build.0 = Debug|Win32
		{431EA47A-F161-3EDA-B179-08A7074D3D10}.Release|Win32.ActiveCfg = Release|Win32
		{431EA47A-F161-3EDA-B179-08A7074D3D10}.Release|Win32.Build.0 = Release|Win32
		{431EA47A-F161-3EDA-B179-08A7074D3D10}.MinSizeRel|Win32.ActiveCfg = MinSizeRel|Win32
		{431EA47A-F161-3EDA-B179-08A7074D3D10}.MinSizeRel|Win32.Build.0 = MinSizeRel|Win32
		{431EA47A-F161-3EDA-B179-08A7074D3D10}.RelWithDebInfo|Win32.ActiveCfg = RelWithDebInfo|Win32
		{431EA47A-F161-3EDA-B179-08A7074D3D10}.RelWithDebInfo|Win32.Build.0 = RelWithDebInfo|Win32
		{F34C1D6C-9E7C-3C53-BF72-724E23DBC438}.Debug|Win32.ActiveCfg = Debug|Win32
		{F34C1D6C-9E7C-3C53-BF72-724E23DBC438}.Release|Win32.ActiveCfg = Release|Win32
		{F34C1D6C-9E7C-3C53-BF72-724E23DBC438}.MinSizeRel|Win32.ActiveCfg = MinSizeRel|Win32
		{F34C1D6C-9E7C-3C53-BF72-724E23DBC438}.RelWithDebInfo|Win32.ActiveCfg = RelWithDebInfo|Win32
		{51A5C07F-8F5B-37AA-B7EF-B26D0C1EFE8D}.Debug|Win32.ActiveCfg = Debug|Win32
		{51A5C07F-8F5B-37AA-B7EF-B26D0C1EFE8D}.Debug|Win32.Build.0 = Debug|Win32
		{51A5C07F-8F5B-37AA-B7EF-B26D0C1EFE8D}.Release|Win32.ActiveCfg = Release|Win32
		{51A5C07F-8F5B-37AA-B7EF-B26D0C1EFE8D}.Release|Win32.Build.0 = Release|Win32
		{51A5C07F-8F5B-37AA-B7EF-B26D0C1EFE8D}.MinSizeRel|Win32.ActiveCfg = MinSizeRel|Win32
		{51A5C07F-8F5B-37AA-B7EF-B26D0C1EFE8D}.MinSizeRel|Win32.Build.0 = MinSizeRel|Win32
		{51A5C07F-8F5B-37AA-B7EF-B26D0C1EFE8D}.RelWithDebInfo|Win32.ActiveCfg = RelWithDebInfo|Win32
		{51A5C07F-8F5B-37AA-B7EF-B26D0C1EFE8D}.RelWithDebInfo|Win32.Build.0 = RelWithDebInfo|Win32
		{87AD2C09-29BB-34AB-A629-3F2F2D86E6F4}.Debug|Win32.ActiveCfg = Debug|Win32
		{87AD2C09-29BB-34AB-A629-3F2F2D86E6F4}.Debug|Win32.Build.0 = Debug|Win32
		{87AD2C09-29BB-34AB-A629-3F2F2D86E6F4}.Release|Win32.ActiveCfg = Release|Win32
		{87AD2C09-29BB-34AB-A629-3F2F2D86E6F4}.Release|Win32.Build.0 = Release|Win32
		{87AD2C09-29BB-34AB-A629-3F2F2D86E6F4}.MinSizeRel|Win32.ActiveCfg = MinSizeRel|Win32
		{87AD2C09-29BB-34AB-A629-3F2F2D86E6F4}.MinSizeRel|Win32.Build.0 = MinSizeRel|Win32
		{87AD2C09-29BB-34AB-A629-3F2F2D86E6F4}.RelWithDebInfo|Win32.ActiveCfg = RelWithDebInfo|Win32
		{87AD2C09-29BB-34AB-A629-3F2F2D86E6F4}.RelWithDebInfo|Win32.Build.0 = RelWithDebInfo|Win32
		{1ED6FD87-0AEE-39E6-ADB7-3ABCE8F430C9}.Debug|Win32.ActiveCfg = Debug|Win32
		{1ED6FD87-0AEE-39E6-ADB7-3ABCE8F430C9}.Debug|Win32.Build.0 = Debug|Win32
		{1ED6FD87-0AEE-39E6-ADB7-3ABCE8F430C9}.Release|Win32.ActiveCfg = Release|Win32
		{1ED6FD87-0AEE-39E6-ADB7-3ABCE8F430C9}.Release|Win32.Build.0 = Release|Win32
		{1ED6FD87-0AEE-39E6-ADB7-3ABCE8F430C9}.MinSizeRel|Win32.ActiveCfg = MinSizeRel|Win32
		{1ED6FD87-0AEE-39E6-ADB7-3ABCE8F430C9}.MinSizeRel|Win32.Build.0 = MinSizeRel|Win32
		{1ED6FD87-0AEE-39E6-ADB7-3ABCE8F430C9}.RelWithDebInfo|Win32.ActiveCfg = RelWithDebInfo|Win32
		{1ED6FD87-0AEE-39E6-ADB7-3ABCE8F430C9}.RelWithDebInfo|Win32.Build.0 = RelWithDebInfo|Win32
		{C29ABB65-97B9-3815-96E8-CFB6D524F709}.Debug|Win32.ActiveCfg = Debug|Win32
		{C29ABB65-97B9-3815-96E8-CFB6D524F709}.Debug|Win32.Build.0 = Debug|Win32
		{C29ABB65-97B9-3815-96E8-CFB6D524F709}.Release|Win32.ActiveCfg = Release|Win32
		{C29ABB65-97B9-3815-96E8-CFB6D524F709}.Release|Win32.Build.0 = Release|Win32
		{C29ABB65-97B9-3815-96E8-CFB6D524F709}.MinSizeRel|Win32.ActiveCfg = MinSizeRel|Win32
		{C29ABB65-97B9-3815-96E8-CFB6D524F709}.MinSizeRel|Win32.Build.0 = MinSizeRel|Win32
		{C29ABB65-97B9-3815-96E8-CFB6D524F709}.RelWithDebInfo|Win32.ActiveCfg = RelWithDebInfo|Win32
		{C29ABB65-97B9-3815-96E8-CFB6D524F709}.RelWithDebInfo|Win32.Build.0 = RelWithDebInfo|Win32
		{D9CA26F0-B727-323E-A625-59E496E79176}.Debug|Win32.ActiveCfg = Debug|Win32
		{D9CA26F0-B727-323E-A625-59E496E79176}.Debug|Win32.Build.0 = Debug|Win32
		{D9CA26F0-B727-323E-A625-59E496E79176}.Release|Win32.ActiveCfg = Release|Win32
		{D9CA26F0-B727-323E-A625-59E496E79176}.Release|Win32.Build.0 = Release|Win32
		{D9CA26F0-B727-323E-A625-59E496E79176}.MinSizeRel|Win32.ActiveCfg = MinSizeRel|Win32
		{D9CA26F0-B727-323E-A625-59E496E79176}.MinSizeRel|Win32.Build.0 = MinSizeRel|Win32
		{D9CA26F0-B727-323E-A625-59E496E79176}.RelWithDebInfo|Win32.ActiveCfg = RelWithDebInfo|Win32
		{D9CA26F0-B727-323E-A625-59E496E79176}.RelWithDebInfo|Win32.Build.0 = RelWithDebInfo|Win32
		{52617CA7-40CB-3344-BD71-31353BE60411}.Debug|Win32.ActiveCfg = Debug|Win32
		{52617CA7-40CB-3344-BD71-31353BE60411}.Debug|Win32.Build.0 = Debug|Win32
		{52617CA7-40CB-3344-BD71-31353BE60411}.Release|Win32.ActiveCfg = Release|Win32
		{52617CA7-40CB-3344-BD71-31353BE60411}.Release|Win32.Build.0 = Release|Win32
		{52617CA7-40CB-3344-BD71-31353BE60411}.MinSizeRel|Win32.ActiveCfg = MinSizeRel|Win32
		{52617CA7-40CB-3344-BD71-31353BE60411}.MinSizeRel|Win32.Build.0 = MinSizeRel|Win32
		{52617CA7-40CB-3344-BD71-31353BE60411}.RelWithDebInfo|Win32.ActiveCfg = RelWithDebInfo|Win32
		{52617CA7-40CB-3344-BD71-31353BE60411}.RelWithDebInfo|Win32.Build.0 = RelWithDebInfo|Win32
		{772EDB9C-72EF-30D8-9523-B86ED99B18EB}.Debug|Win32.ActiveCfg = Debug|Win32
		{772EDB9C-72EF-30D8-9523-B86ED99B18EB}.Debug|Win32.Build.0 = Debug|Win32
		{772EDB9C-72EF-30D8-9523-B86ED99B18EB}.Release|Win32.ActiveCfg = Release|Win32
		{772EDB9C-72EF-30D8-9523-B86ED99B18EB}.Release|Win32.Build.0 = Release|Win32
		{772EDB9C-72EF-30D8-9523-B86ED99B18EB}.MinSizeRel|Win32.ActiveCfg = MinSizeRel|Win32
		{772EDB9C-72EF-30D8-9523-B86ED99B18EB}.MinSizeRel|Win32.Build.0 = MinSizeRel|Win32
		{772EDB9C-72EF-30D8-9523-B86ED99B18EB}.RelWithDebInfo|Win32.ActiveCfg = RelWithDebInfo|Win32
		{772EDB9C-72EF-30D8-9523-B86ED99B18EB}.RelWithDebInfo|Win32.Build.0 = RelWithDebInfo|Win32
	EndGlobalSection
	GlobalSection(NestedProjects) = preSolution
		{F34C1D6C-9E7C-3C53-BF72-724E23DBC438} = {A63D8469-A2E4-318F-9C0D-A500CD6A1EDE}
		{51A5C07F-8F5B-37AA-B7EF-B26D0C1EFE8D} = {A63D8469-A2E4-318F-9C0D-A500CD6A1EDE}
		{87AD2C09-29BB-34AB-A629-3F2F2D86E6F4} = {AEC339DD-841E-38DB-8695-E8BDFFFF1AE7}
		{1ED6FD87-0AEE-39E6-ADB7-3ABCE8F430C9} = {AEC339DD-841E-38DB-8695-E8BDFFFF1AE7}
		{C29ABB65-97B9-3815-96E8-CFB6D524F709} = {AEC339DD-841E-38DB-8695-E8BDFFFF1AE7}
		{D9CA26F0-B727-323E-A625-59E496E79176} = {AEC339DD-841E-38DB-8695-E8BDFFFF1AE7}
		{52617CA7-40CB-3344-BD71-31353BE60411} = {AEC339DD-841E-38DB-8695-E8BDFFFF1AE7}
		{772EDB9C-72EF-30D8-9523-B86ED99B18EB} = {AEC339DD-841E-38DB-8695-E8BDFFFF1AE7}
	EndGlobalSection
	GlobalSection(ExtensibilityGlobals) = postSolution
	EndGlobalSection
	GlobalSection(ExtensibilityAddIns) = postSolution
	EndGlobalSection
EndGlobal
