
Microsoft Visual Studio Solution File, Format Version 12.00
# Visual Studio 14
VisualStudioVersion = 14.0.23107.0
MinimumVisualStudioVersion = 10.0.40219.1
Project("{8BC9CEB8-8B4A-11D0-8D11-00A0C91BC942}") = "Farquaad", "Farquaad.vcxproj", "{B436BBB7-2F4C-45C1-BA26-404F46480B4F}"
EndProject
Project("{8BC9CEB8-8B4A-11D0-8D11-00A0C91BC942}") = "sfml-graphics", "..\extinclude\SFML\src\SFML\Graphics\sfml-graphics.vcxproj", "{1ED6FD87-0AEE-39E6-ADB7-3ABCE8F430C9}"
EndProject
Project("{8BC9CEB8-8B4A-11D0-8D11-00A0C91BC942}") = "sfml-window", "..\extinclude\SFML\src\SFML\Window\sfml-window.vcxproj", "{772EDB9C-72EF-30D8-9523-B86ED99B18EB}"
EndProject
Project("{8BC9CEB8-8B4A-11D0-8D11-00A0C91BC942}") = "sfml-system", "..\extinclude\SFML\src\SFML\System\sfml-system.vcxproj", "{52617CA7-40CB-3344-BD71-31353BE60411}"
EndProject
Global
	GlobalSection(SolutionConfigurationPlatforms) = preSolution
		Debug|x64 = Debug|x64
		Debug|x86 = Debug|x86
		MinSizeRel|x64 = MinSizeRel|x64
		MinSizeRel|x86 = MinSizeRel|x86
		Release|x64 = Release|x64
		Release|x86 = Release|x86
		RelWithDebInfo|x64 = RelWithDebInfo|x64
		RelWithDebInfo|x86 = RelWithDebInfo|x86
	EndGlobalSection
	GlobalSection(ProjectConfigurationPlatforms) = postSolution
		{B436BBB7-2F4C-45C1-BA26-404F46480B4F}.Debug|x64.ActiveCfg = Debug|x64
		{B436BBB7-2F4C-45C1-BA26-404F46480B4F}.Debug|x64.Build.0 = Debug|x64
		{B436BBB7-2F4C-45C1-BA26-404F46480B4F}.Debug|x86.ActiveCfg = Debug|Win32
		{B436BBB7-2F4C-45C1-BA26-404F46480B4F}.Debug|x86.Build.0 = Debug|Win32
		{B436BBB7-2F4C-45C1-BA26-404F46480B4F}.MinSizeRel|x64.ActiveCfg = Release|x64
		{B436BBB7-2F4C-45C1-BA26-404F46480B4F}.MinSizeRel|x64.Build.0 = Release|x64
		{B436BBB7-2F4C-45C1-BA26-404F46480B4F}.MinSizeRel|x86.ActiveCfg = Release|Win32
		{B436BBB7-2F4C-45C1-BA26-404F46480B4F}.MinSizeRel|x86.Build.0 = Release|Win32
		{B436BBB7-2F4C-45C1-BA26-404F46480B4F}.Release|x64.ActiveCfg = Release|x64
		{B436BBB7-2F4C-45C1-BA26-404F46480B4F}.Release|x64.Build.0 = Release|x64
		{B436BBB7-2F4C-45C1-BA26-404F46480B4F}.Release|x86.ActiveCfg = Release|Win32
		{B436BBB7-2F4C-45C1-BA26-404F46480B4F}.Release|x86.Build.0 = Release|Win32
		{B436BBB7-2F4C-45C1-BA26-404F46480B4F}.RelWithDebInfo|x64.ActiveCfg = Release|x64
		{B436BBB7-2F4C-45C1-BA26-404F46480B4F}.RelWithDebInfo|x64.Build.0 = Release|x64
		{B436BBB7-2F4C-45C1-BA26-404F46480B4F}.RelWithDebInfo|x86.ActiveCfg = Release|Win32
		{B436BBB7-2F4C-45C1-BA26-404F46480B4F}.RelWithDebInfo|x86.Build.0 = Release|Win32
		{1ED6FD87-0AEE-39E6-ADB7-3ABCE8F430C9}.Debug|x64.ActiveCfg = Debug|Win32
		{1ED6FD87-0AEE-39E6-ADB7-3ABCE8F430C9}.Debug|x86.ActiveCfg = Debug|Win32
		{1ED6FD87-0AEE-39E6-ADB7-3ABCE8F430C9}.Debug|x86.Build.0 = Debug|Win32
		{1ED6FD87-0AEE-39E6-ADB7-3ABCE8F430C9}.MinSizeRel|x64.ActiveCfg = MinSizeRel|Win32
		{1ED6FD87-0AEE-39E6-ADB7-3ABCE8F430C9}.MinSizeRel|x86.ActiveCfg = MinSizeRel|Win32
		{1ED6FD87-0AEE-39E6-ADB7-3ABCE8F430C9}.MinSizeRel|x86.Build.0 = MinSizeRel|Win32
		{1ED6FD87-0AEE-39E6-ADB7-3ABCE8F430C9}.Release|x64.ActiveCfg = Release|Win32
		{1ED6FD87-0AEE-39E6-ADB7-3ABCE8F430C9}.Release|x86.ActiveCfg = Release|Win32
		{1ED6FD87-0AEE-39E6-ADB7-3ABCE8F430C9}.Release|x86.Build.0 = Release|Win32
		{1ED6FD87-0AEE-39E6-ADB7-3ABCE8F430C9}.RelWithDebInfo|x64.ActiveCfg = RelWithDebInfo|Win32
		{1ED6FD87-0AEE-39E6-ADB7-3ABCE8F430C9}.RelWithDebInfo|x86.ActiveCfg = RelWithDebInfo|Win32
		{1ED6FD87-0AEE-39E6-ADB7-3ABCE8F430C9}.RelWithDebInfo|x86.Build.0 = RelWithDebInfo|Win32
		{772EDB9C-72EF-30D8-9523-B86ED99B18EB}.Debug|x64.ActiveCfg = Debug|Win32
		{772EDB9C-72EF-30D8-9523-B86ED99B18EB}.Debug|x86.ActiveCfg = Debug|Win32
		{772EDB9C-72EF-30D8-9523-B86ED99B18EB}.Debug|x86.Build.0 = Debug|Win32
		{772EDB9C-72EF-30D8-9523-B86ED99B18EB}.MinSizeRel|x64.ActiveCfg = MinSizeRel|Win32
		{772EDB9C-72EF-30D8-9523-B86ED99B18EB}.MinSizeRel|x86.ActiveCfg = MinSizeRel|Win32
		{772EDB9C-72EF-30D8-9523-B86ED99B18EB}.MinSizeRel|x86.Build.0 = MinSizeRel|Win32
		{772EDB9C-72EF-30D8-9523-B86ED99B18EB}.Release|x64.ActiveCfg = Release|Win32
		{772EDB9C-72EF-30D8-9523-B86ED99B18EB}.Release|x86.ActiveCfg = Release|Win32
		{772EDB9C-72EF-30D8-9523-B86ED99B18EB}.Release|x86.Build.0 = Release|Win32
		{772EDB9C-72EF-30D8-9523-B86ED99B18EB}.RelWithDebInfo|x64.ActiveCfg = RelWithDebInfo|Win32
		{772EDB9C-72EF-30D8-9523-B86ED99B18EB}.RelWithDebInfo|x86.ActiveCfg = RelWithDebInfo|Win32
		{772EDB9C-72EF-30D8-9523-B86ED99B18EB}.RelWithDebInfo|x86.Build.0 = RelWithDebInfo|Win32
		{52617CA7-40CB-3344-BD71-31353BE60411}.Debug|x64.ActiveCfg = Debug|Win32
		{52617CA7-40CB-3344-BD71-31353BE60411}.Debug|x86.ActiveCfg = Debug|Win32
		{52617CA7-40CB-3344-BD71-31353BE60411}.Debug|x86.Build.0 = Debug|Win32
		{52617CA7-40CB-3344-BD71-31353BE60411}.MinSizeRel|x64.ActiveCfg = MinSizeRel|Win32
		{52617CA7-40CB-3344-BD71-31353BE60411}.MinSizeRel|x86.ActiveCfg = MinSizeRel|Win32
		{52617CA7-40CB-3344-BD71-31353BE60411}.MinSizeRel|x86.Build.0 = MinSizeRel|Win32
		{52617CA7-40CB-3344-BD71-31353BE60411}.Release|x64.ActiveCfg = Release|Win32
		{52617CA7-40CB-3344-BD71-31353BE60411}.Release|x86.ActiveCfg = Release|Win32
		{52617CA7-40CB-3344-BD71-31353BE60411}.Release|x86.Build.0 = Release|Win32
		{52617CA7-40CB-3344-BD71-31353BE60411}.RelWithDebInfo|x64.ActiveCfg = RelWithDebInfo|Win32
		{52617CA7-40CB-3344-BD71-31353BE60411}.RelWithDebInfo|x86.ActiveCfg = RelWithDebInfo|Win32
		{52617CA7-40CB-3344-BD71-31353BE60411}.RelWithDebInfo|x86.Build.0 = RelWithDebInfo|Win32
	EndGlobalSection
	GlobalSection(SolutionProperties) = preSolution
		HideSolutionNode = FALSE
	EndGlobalSection
EndGlobal
